
Microsoft Visual Studio Solution File, Format Version 12.00
# Visual Studio Version 16
VisualStudioVersion = 16.0.30011.22
MinimumVisualStudioVersion = 10.0.40219.1
Project("{9A19103F-16F7-4668-BE54-9A1E7A4F7556}") = "Catalog.API", "Services\Catalog\Catalog.API\Catalog.API.csproj", "{CE9269B9-6CD6-438B-AD5A-ECF951E119A5}"
EndProject
Project("{E53339B2-1760-4266-BCC7-CA923CBCF16C}") = "docker-compose", "docker-compose.dcproj", "{4B7CB168-F45C-4D19-BC4D-93A5B3F6A48E}"
EndProject
Project("{9A19103F-16F7-4668-BE54-9A1E7A4F7556}") = "Basket.API", "Services\Basket\Basket.API\Basket.API.csproj", "{6395C252-D0E4-4E2C-B7E9-2AEE511262ED}"
EndProject
Project("{9A19103F-16F7-4668-BE54-9A1E7A4F7556}") = "Discount.API", "Services\Discount\Discount.API\Discount.API.csproj", "{89A65B86-07AD-434E-80CB-EE8DB6E0D830}"
EndProject
Project("{9A19103F-16F7-4668-BE54-9A1E7A4F7556}") = "Discount.Grpc", "Services\Discount\Discount.Grpc\Discount.Grpc.csproj", "{DF82B4F0-170D-4133-B604-C755660B7894}"
EndProject
Project("{9A19103F-16F7-4668-BE54-9A1E7A4F7556}") = "Ordering.API", "Services\Ordering\Ordering.API\Ordering.API.csproj", "{7759764E-5DDE-449B-ACA0-E149B3EEE41E}"
EndProject
Project("{9A19103F-16F7-4668-BE54-9A1E7A4F7556}") = "Ordering.Domain", "Services\Ordering\Ordering.Domain\Ordering.Domain.csproj", "{D529AE64-AE32-4A0F-8F5A-1B373A8B9824}"
EndProject
Project("{9A19103F-16F7-4668-BE54-9A1E7A4F7556}") = "Ordering.Application", "Services\Ordering\Ordering.Application\Ordering.Application.csproj", "{F6E826CF-E9BD-43EA-A2E0-8B658864809A}"
EndProject
Project("{9A19103F-16F7-4668-BE54-9A1E7A4F7556}") = "Ordering.Infrastructure", "Services\Ordering\Ordering.Infrastructure\Ordering.Infrastructure.csproj", "{CBD50DF2-5B9B-423A-BE7B-C153FB25D509}"
EndProject
Project("{9A19103F-16F7-4668-BE54-9A1E7A4F7556}") = "EventBus.Messages", "BuildingBlocks\EventBus.Messages\EventBus.Messages.csproj", "{8F4DFB51-76C4-4313-B871-C98BB65BD729}"
EndProject
Project("{9A19103F-16F7-4668-BE54-9A1E7A4F7556}") = "OcelotApiGw", "ApiGateways\OcelotApiGw\OcelotApiGw.csproj", "{D8C6464F-D5B3-4FED-B07D-CBF8E8395C72}"
EndProject
Project("{9A19103F-16F7-4668-BE54-9A1E7A4F7556}") = "Shopping.Aggregator", "ApiGateways\Shopping.Aggregator\Shopping.Aggregator.csproj", "{96B78C4A-7D84-42C2-8B48-B65C2510BE9B}"
EndProject
Global
	GlobalSection(SolutionConfigurationPlatforms) = preSolution
		Debug|Any CPU = Debug|Any CPU
		Release|Any CPU = Release|Any CPU
	EndGlobalSection
	GlobalSection(ProjectConfigurationPlatforms) = postSolution
		{CE9269B9-6CD6-438B-AD5A-ECF951E119A5}.Debug|Any CPU.ActiveCfg = Debug|Any CPU
		{CE9269B9-6CD6-438B-AD5A-ECF951E119A5}.Debug|Any CPU.Build.0 = Debug|Any CPU
		{CE9269B9-6CD6-438B-AD5A-ECF951E119A5}.Release|Any CPU.ActiveCfg = Release|Any CPU
		{CE9269B9-6CD6-438B-AD5A-ECF951E119A5}.Release|Any CPU.Build.0 = Release|Any CPU
		{4B7CB168-F45C-4D19-BC4D-93A5B3F6A48E}.Debug|Any CPU.ActiveCfg = Debug|Any CPU
		{4B7CB168-F45C-4D19-BC4D-93A5B3F6A48E}.Debug|Any CPU.Build.0 = Debug|Any CPU
		{4B7CB168-F45C-4D19-BC4D-93A5B3F6A48E}.Release|Any CPU.ActiveCfg = Release|Any CPU
		{4B7CB168-F45C-4D19-BC4D-93A5B3F6A48E}.Release|Any CPU.Build.0 = Release|Any CPU
		{6395C252-D0E4-4E2C-B7E9-2AEE511262ED}.Debug|Any CPU.ActiveCfg = Debug|Any CPU
		{6395C252-D0E4-4E2C-B7E9-2AEE511262ED}.Debug|Any CPU.Build.0 = Debug|Any CPU
		{6395C252-D0E4-4E2C-B7E9-2AEE511262ED}.Release|Any CPU.ActiveCfg = Release|Any CPU
		{6395C252-D0E4-4E2C-B7E9-2AEE511262ED}.Release|Any CPU.Build.0 = Release|Any CPU
		{89A65B86-07AD-434E-80CB-EE8DB6E0D830}.Debug|Any CPU.ActiveCfg = Debug|Any CPU
		{89A65B86-07AD-434E-80CB-EE8DB6E0D830}.Debug|Any CPU.Build.0 = Debug|Any CPU
		{89A65B86-07AD-434E-80CB-EE8DB6E0D830}.Release|Any CPU.ActiveCfg = Release|Any CPU
		{89A65B86-07AD-434E-80CB-EE8DB6E0D830}.Release|Any CPU.Build.0 = Release|Any CPU
		{DF82B4F0-170D-4133-B604-C755660B7894}.Debug|Any CPU.ActiveCfg = Debug|Any CPU
		{DF82B4F0-170D-4133-B604-C755660B7894}.Debug|Any CPU.Build.0 = Debug|Any CPU
		{DF82B4F0-170D-4133-B604-C755660B7894}.Release|Any CPU.ActiveCfg = Release|Any CPU
		{DF82B4F0-170D-4133-B604-C755660B7894}.Release|Any CPU.Build.0 = Release|Any CPU
		{7759764E-5DDE-449B-ACA0-E149B3EEE41E}.Debug|Any CPU.ActiveCfg = Debug|Any CPU
		{7759764E-5DDE-449B-ACA0-E149B3EEE41E}.Debug|Any CPU.Build.0 = Debug|Any CPU
		{7759764E-5DDE-449B-ACA0-E149B3EEE41E}.Release|Any CPU.ActiveCfg = Release|Any CPU
		{7759764E-5DDE-449B-ACA0-E149B3EEE41E}.Release|Any CPU.Build.0 = Release|Any CPU
		{D529AE64-AE32-4A0F-8F5A-1B373A8B9824}.Debug|Any CPU.ActiveCfg = Debug|Any CPU
		{D529AE64-AE32-4A0F-8F5A-1B373A8B9824}.Debug|Any CPU.Build.0 = Debug|Any CPU
		{D529AE64-AE32-4A0F-8F5A-1B373A8B9824}.Release|Any CPU.ActiveCfg = Release|Any CPU
		{D529AE64-AE32-4A0F-8F5A-1B373A8B9824}.Release|Any CPU.Build.0 = Release|Any CPU
		{F6E826CF-E9BD-43EA-A2E0-8B658864809A}.Debug|Any CPU.ActiveCfg = Debug|Any CPU
		{F6E826CF-E9BD-43EA-A2E0-8B658864809A}.Debug|Any CPU.Build.0 = Debug|Any CPU
		{F6E826CF-E9BD-43EA-A2E0-8B658864809A}.Release|Any CPU.ActiveCfg = Release|Any CPU
		{F6E826CF-E9BD-43EA-A2E0-8B658864809A}.Release|Any CPU.Build.0 = Release|Any CPU
		{CBD50DF2-5B9B-423A-BE7B-C153FB25D509}.Debug|Any CPU.ActiveCfg = Debug|Any CPU
		{CBD50DF2-5B9B-423A-BE7B-C153FB25D509}.Debug|Any CPU.Build.0 = Debug|Any CPU
		{CBD50DF2-5B9B-423A-BE7B-C153FB25D509}.Release|Any CPU.ActiveCfg = Release|Any CPU
		{CBD50DF2-5B9B-423A-BE7B-C153FB25D509}.Release|Any CPU.Build.0 = Release|Any CPU
		{8F4DFB51-76C4-4313-B871-C98BB65BD729}.Debug|Any CPU.ActiveCfg = Debug|Any CPU
		{8F4DFB51-76C4-4313-B871-C98BB65BD729}.Debug|Any CPU.Build.0 = Debug|Any CPU
		{8F4DFB51-76C4-4313-B871-C98BB65BD729}.Release|Any CPU.ActiveCfg = Release|Any CPU
		{8F4DFB51-76C4-4313-B871-C98BB65BD729}.Release|Any CPU.Build.0 = Release|Any CPU
		{D8C6464F-D5B3-4FED-B07D-CBF8E8395C72}.Debug|Any CPU.ActiveCfg = Debug|Any CPU
		{D8C6464F-D5B3-4FED-B07D-CBF8E8395C72}.Debug|Any CPU.Build.0 = Debug|Any CPU
		{D8C6464F-D5B3-4FED-B07D-CBF8E8395C72}.Release|Any CPU.ActiveCfg = Release|Any CPU
		{D8C6464F-D5B3-4FED-B07D-CBF8E8395C72}.Release|Any CPU.Build.0 = Release|Any CPU
		{96B78C4A-7D84-42C2-8B48-B65C2510BE9B}.Debug|Any CPU.ActiveCfg = Debug|Any CPU
		{96B78C4A-7D84-42C2-8B48-B65C2510BE9B}.Debug|Any CPU.Build.0 = Debug|Any CPU
		{96B78C4A-7D84-42C2-8B48-B65C2510BE9B}.Release|Any CPU.ActiveCfg = Release|Any CPU
		{96B78C4A-7D84-42C2-8B48-B65C2510BE9B}.Release|Any CPU.Build.0 = Release|Any CPU
	EndGlobalSection
	GlobalSection(SolutionProperties) = preSolution
		HideSolutionNode = FALSE
	EndGlobalSection
	GlobalSection(ExtensibilityGlobals) = postSolution
		SolutionGuid = {73702BA0-2142-4656-AE56-D0C1A01E1AD2}
	EndGlobalSection
EndGlobal
